
Microsoft Visual Studio Solution File, Format Version 12.00
# Visual Studio Version 16
VisualStudioVersion = 16.0.29323.75
MinimumVisualStudioVersion = 10.0.40219.1
Project("{FAE04EC0-301F-11D3-BF4B-00C04F79EFBC}") = "WeatherColors.UWP", "WeatherColors\WeatherColors.UWP\WeatherColors.UWP.csproj", "{369C0072-2DD7-419A-83AA-3211AC819025}"
EndProject
Project("{FAE04EC0-301F-11D3-BF4B-00C04F79EFBC}") = "WeatherColors.Android", "WeatherColors\WeatherColors.Android\WeatherColors.Android.csproj", "{F2508D2B-96E0-45A4-A8E3-715FD4D83920}"
EndProject
Project("{FAE04EC0-301F-11D3-BF4B-00C04F79EFBC}") = "WeatherColors.iOS", "WeatherColors\WeatherColors.iOS\WeatherColors.iOS.csproj", "{4C0705D5-4C39-46A8-A5F8-597643E78490}"
EndProject
Project("{FAE04EC0-301F-11D3-BF4B-00C04F79EFBC}") = "WeatherColors", "WeatherColors\WeatherColors\WeatherColors.csproj", "{AB788D3A-2CC6-4B43-B448-B466108BACA7}"
EndProject
Global
	GlobalSection(SolutionConfigurationPlatforms) = preSolution
		Debug|Any CPU = Debug|Any CPU
		Debug|ARM = Debug|ARM
		Debug|iPhone = Debug|iPhone
		Debug|iPhoneSimulator = Debug|iPhoneSimulator
		Debug|x64 = Debug|x64
		Debug|x86 = Debug|x86
		Release|Any CPU = Release|Any CPU
		Release|ARM = Release|ARM
		Release|iPhone = Release|iPhone
		Release|iPhoneSimulator = Release|iPhoneSimulator
		Release|x64 = Release|x64
		Release|x86 = Release|x86
	EndGlobalSection
	GlobalSection(ProjectConfigurationPlatforms) = postSolution
		{369C0072-2DD7-419A-83AA-3211AC819025}.Debug|Any CPU.ActiveCfg = Debug|x86
		{369C0072-2DD7-419A-83AA-3211AC819025}.Debug|Any CPU.Build.0 = Debug|x86
		{369C0072-2DD7-419A-83AA-3211AC819025}.Debug|Any CPU.Deploy.0 = Debug|x86
		{369C0072-2DD7-419A-83AA-3211AC819025}.Debug|ARM.ActiveCfg = Debug|ARM
		{369C0072-2DD7-419A-83AA-3211AC819025}.Debug|ARM.Build.0 = Debug|ARM
		{369C0072-2DD7-419A-83AA-3211AC819025}.Debug|ARM.Deploy.0 = Debug|ARM
		{369C0072-2DD7-419A-83AA-3211AC819025}.Debug|iPhone.ActiveCfg = Debug|x86
		{369C0072-2DD7-419A-83AA-3211AC819025}.Debug|iPhone.Build.0 = Debug|x86
		{369C0072-2DD7-419A-83AA-3211AC819025}.Debug|iPhone.Deploy.0 = Debug|x86
		{369C0072-2DD7-419A-83AA-3211AC819025}.Debug|iPhoneSimulator.ActiveCfg = Debug|x86
		{369C0072-2DD7-419A-83AA-3211AC819025}.Debug|iPhoneSimulator.Build.0 = Debug|x86
		{369C0072-2DD7-419A-83AA-3211AC819025}.Debug|iPhoneSimulator.Deploy.0 = Debug|x86
		{369C0072-2DD7-419A-83AA-3211AC819025}.Debug|x64.ActiveCfg = Debug|x64
		{369C0072-2DD7-419A-83AA-3211AC819025}.Debug|x64.Build.0 = Debug|x64
		{369C0072-2DD7-419A-83AA-3211AC819025}.Debug|x64.Deploy.0 = Debug|x64
		{369C0072-2DD7-419A-83AA-3211AC819025}.Debug|x86.ActiveCfg = Debug|x86
		{369C0072-2DD7-419A-83AA-3211AC819025}.Debug|x86.Build.0 = Debug|x86
		{369C0072-2DD7-419A-83AA-3211AC819025}.Debug|x86.Deploy.0 = Debug|x86
		{369C0072-2DD7-419A-83AA-3211AC819025}.Release|Any CPU.ActiveCfg = Release|x86
		{369C0072-2DD7-419A-83AA-3211AC819025}.Release|Any CPU.Build.0 = Release|x86
		{369C0072-2DD7-419A-83AA-3211AC819025}.Release|Any CPU.Deploy.0 = Release|x86
		{369C0072-2DD7-419A-83AA-3211AC819025}.Release|ARM.ActiveCfg = Release|ARM
		{369C0072-2DD7-419A-83AA-3211AC819025}.Release|ARM.Build.0 = Release|ARM
		{369C0072-2DD7-419A-83AA-3211AC819025}.Release|ARM.Deploy.0 = Release|ARM
		{369C0072-2DD7-419A-83AA-3211AC819025}.Release|iPhone.ActiveCfg = Release|x86
		{369C0072-2DD7-419A-83AA-3211AC819025}.Release|iPhone.Build.0 = Release|x86
		{369C0072-2DD7-419A-83AA-3211AC819025}.Release|iPhone.Deploy.0 = Release|x86
		{369C0072-2DD7-419A-83AA-3211AC819025}.Release|iPhoneSimulator.ActiveCfg = Release|x86
		{369C0072-2DD7-419A-83AA-3211AC819025}.Release|iPhoneSimulator.Build.0 = Release|x86
		{369C0072-2DD7-419A-83AA-3211AC819025}.Release|iPhoneSimulator.Deploy.0 = Release|x86
		{369C0072-2DD7-419A-83AA-3211AC819025}.Release|x64.ActiveCfg = Release|x64
		{369C0072-2DD7-419A-83AA-3211AC819025}.Release|x64.Build.0 = Release|x64
		{369C0072-2DD7-419A-83AA-3211AC819025}.Release|x64.Deploy.0 = Release|x64
		{369C0072-2DD7-419A-83AA-3211AC819025}.Release|x86.ActiveCfg = Release|x86
		{369C0072-2DD7-419A-83AA-3211AC819025}.Release|x86.Build.0 = Release|x86
		{369C0072-2DD7-419A-83AA-3211AC819025}.Release|x86.Deploy.0 = Release|x86
		{F2508D2B-96E0-45A4-A8E3-715FD4D83920}.Debug|Any CPU.ActiveCfg = Debug|Any CPU
		{F2508D2B-96E0-45A4-A8E3-715FD4D83920}.Debug|Any CPU.Build.0 = Debug|Any CPU
		{F2508D2B-96E0-45A4-A8E3-715FD4D83920}.Debug|Any CPU.Deploy.0 = Debug|Any CPU
		{F2508D2B-96E0-45A4-A8E3-715FD4D83920}.Debug|ARM.ActiveCfg = Debug|Any CPU
		{F2508D2B-96E0-45A4-A8E3-715FD4D83920}.Debug|ARM.Build.0 = Debug|Any CPU
		{F2508D2B-96E0-45A4-A8E3-715FD4D83920}.Debug|ARM.Deploy.0 = Debug|Any CPU
		{F2508D2B-96E0-45A4-A8E3-715FD4D83920}.Debug|iPhone.ActiveCfg = Debug|Any CPU
		{F2508D2B-96E0-45A4-A8E3-715FD4D83920}.Debug|iPhone.Build.0 = Debug|Any CPU
		{F2508D2B-96E0-45A4-A8E3-715FD4D83920}.Debug|iPhone.Deploy.0 = Debug|Any CPU
		{F2508D2B-96E0-45A4-A8E3-715FD4D83920}.Debug|iPhoneSimulator.ActiveCfg = Debug|Any CPU
		{F2508D2B-96E0-45A4-A8E3-715FD4D83920}.Debug|iPhoneSimulator.Build.0 = Debug|Any CPU
		{F2508D2B-96E0-45A4-A8E3-715FD4D83920}.Debug|iPhoneSimulator.Deploy.0 = Debug|Any CPU
		{F2508D2B-96E0-45A4-A8E3-715FD4D83920}.Debug|x64.ActiveCfg = Debug|Any CPU
		{F2508D2B-96E0-45A4-A8E3-715FD4D83920}.Debug|x64.Build.0 = Debug|Any CPU
		{F2508D2B-96E0-45A4-A8E3-715FD4D83920}.Debug|x64.Deploy.0 = Debug|Any CPU
		{F2508D2B-96E0-45A4-A8E3-715FD4D83920}.Debug|x86.ActiveCfg = Debug|Any CPU
		{F2508D2B-96E0-45A4-A8E3-715FD4D83920}.Debug|x86.Build.0 = Debug|Any CPU
		{F2508D2B-96E0-45A4-A8E3-715FD4D83920}.Debug|x86.Deploy.0 = Debug|Any CPU
		{F2508D2B-96E0-45A4-A8E3-715FD4D83920}.Release|Any CPU.ActiveCfg = Release|Any CPU
		{F2508D2B-96E0-45A4-A8E3-715FD4D83920}.Release|Any CPU.Build.0 = Release|Any CPU
		{F2508D2B-96E0-45A4-A8E3-715FD4D83920}.Release|Any CPU.Deploy.0 = Release|Any CPU
		{F2508D2B-96E0-45A4-A8E3-715FD4D83920}.Release|ARM.ActiveCfg = Release|Any CPU
		{F2508D2B-96E0-45A4-A8E3-715FD4D83920}.Release|ARM.Build.0 = Release|Any CPU
		{F2508D2B-96E0-45A4-A8E3-715FD4D83920}.Release|ARM.Deploy.0 = Release|Any CPU
		{F2508D2B-96E0-45A4-A8E3-715FD4D83920}.Release|iPhone.ActiveCfg = Release|Any CPU
		{F2508D2B-96E0-45A4-A8E3-715FD4D83920}.Release|iPhone.Build.0 = Release|Any CPU
		{F2508D2B-96E0-45A4-A8E3-715FD4D83920}.Release|iPhone.Deploy.0 = Release|Any CPU
		{F2508D2B-96E0-45A4-A8E3-715FD4D83920}.Release|iPhoneSimulator.ActiveCfg = Release|Any CPU
		{F2508D2B-96E0-45A4-A8E3-715FD4D83920}.Release|iPhoneSimulator.Build.0 = Release|Any CPU
		{F2508D2B-96E0-45A4-A8E3-715FD4D83920}.Release|iPhoneSimulator.Deploy.0 = Release|Any CPU
		{F2508D2B-96E0-45A4-A8E3-715FD4D83920}.Release|x64.ActiveCfg = Release|Any CPU
		{F2508D2B-96E0-45A4-A8E3-715FD4D83920}.Release|x64.Build.0 = Release|Any CPU
		{F2508D2B-96E0-45A4-A8E3-715FD4D83920}.Release|x64.Deploy.0 = Release|Any CPU
		{F2508D2B-96E0-45A4-A8E3-715FD4D83920}.Release|x86.ActiveCfg = Release|Any CPU
		{F2508D2B-96E0-45A4-A8E3-715FD4D83920}.Release|x86.Build.0 = Release|Any CPU
		{F2508D2B-96E0-45A4-A8E3-715FD4D83920}.Release|x86.Deploy.0 = Release|Any CPU
		{4C0705D5-4C39-46A8-A5F8-597643E78490}.Debug|Any CPU.ActiveCfg = Debug|iPhone
		{4C0705D5-4C39-46A8-A5F8-597643E78490}.Debug|Any CPU.Build.0 = Debug|iPhone
		{4C0705D5-4C39-46A8-A5F8-597643E78490}.Debug|Any CPU.Deploy.0 = Debug|iPhone
		{4C0705D5-4C39-46A8-A5F8-597643E78490}.Debug|ARM.ActiveCfg = Debug|iPhone
		{4C0705D5-4C39-46A8-A5F8-597643E78490}.Debug|ARM.Build.0 = Debug|iPhone
		{4C0705D5-4C39-46A8-A5F8-597643E78490}.Debug|ARM.Deploy.0 = Debug|iPhone
		{4C0705D5-4C39-46A8-A5F8-597643E78490}.Debug|iPhone.ActiveCfg = Debug|iPhone
		{4C0705D5-4C39-46A8-A5F8-597643E78490}.Debug|iPhone.Build.0 = Debug|iPhone
		{4C0705D5-4C39-46A8-A5F8-597643E78490}.Debug|iPhone.Deploy.0 = Debug|iPhone
		{4C0705D5-4C39-46A8-A5F8-597643E78490}.Debug|iPhoneSimulator.ActiveCfg = Debug|iPhoneSimulator
		{4C0705D5-4C39-46A8-A5F8-597643E78490}.Debug|iPhoneSimulator.Build.0 = Debug|iPhoneSimulator
		{4C0705D5-4C39-46A8-A5F8-597643E78490}.Debug|iPhoneSimulator.Deploy.0 = Debug|iPhoneSimulator
		{4C0705D5-4C39-46A8-A5F8-597643E78490}.Debug|x64.ActiveCfg = Debug|iPhone
		{4C0705D5-4C39-46A8-A5F8-597643E78490}.Debug|x64.Build.0 = Debug|iPhone
		{4C0705D5-4C39-46A8-A5F8-597643E78490}.Debug|x64.Deploy.0 = Debug|iPhone
		{4C0705D5-4C39-46A8-A5F8-597643E78490}.Debug|x86.ActiveCfg = Debug|iPhone
		{4C0705D5-4C39-46A8-A5F8-597643E78490}.Debug|x86.Build.0 = Debug|iPhone
		{4C0705D5-4C39-46A8-A5F8-597643E78490}.Debug|x86.Deploy.0 = Debug|iPhone
		{4C0705D5-4C39-46A8-A5F8-597643E78490}.Release|Any CPU.ActiveCfg = Release|iPhone
		{4C0705D5-4C39-46A8-A5F8-597643E78490}.Release|Any CPU.Build.0 = Release|iPhone
		{4C0705D5-4C39-46A8-A5F8-597643E78490}.Release|Any CPU.Deploy.0 = Release|iPhone
		{4C0705D5-4C39-46A8-A5F8-597643E78490}.Release|ARM.ActiveCfg = Release|iPhone
		{4C0705D5-4C39-46A8-A5F8-597643E78490}.Release|ARM.Build.0 = Release|iPhone
		{4C0705D5-4C39-46A8-A5F8-597643E78490}.Release|ARM.Deploy.0 = Release|iPhone
		{4C0705D5-4C39-46A8-A5F8-597643E78490}.Release|iPhone.ActiveCfg = Release|iPhone
		{4C0705D5-4C39-46A8-A5F8-597643E78490}.Release|iPhone.Build.0 = Release|iPhone
		{4C0705D5-4C39-46A8-A5F8-597643E78490}.Release|iPhone.Deploy.0 = Release|iPhone
		{4C0705D5-4C39-46A8-A5F8-597643E78490}.Release|iPhoneSimulator.ActiveCfg = Release|iPhoneSimulator
		{4C0705D5-4C39-46A8-A5F8-597643E78490}.Release|iPhoneSimulator.Build.0 = Release|iPhoneSimulator
		{4C0705D5-4C39-46A8-A5F8-597643E78490}.Release|iPhoneSimulator.Deploy.0 = Release|iPhoneSimulator
		{4C0705D5-4C39-46A8-A5F8-597643E78490}.Release|x64.ActiveCfg = Release|iPhone
		{4C0705D5-4C39-46A8-A5F8-597643E78490}.Release|x64.Build.0 = Release|iPhone
		{4C0705D5-4C39-46A8-A5F8-597643E78490}.Release|x64.Deploy.0 = Release|iPhone
		{4C0705D5-4C39-46A8-A5F8-597643E78490}.Release|x86.ActiveCfg = Release|iPhone
		{4C0705D5-4C39-46A8-A5F8-597643E78490}.Release|x86.Build.0 = Release|iPhone
		{4C0705D5-4C39-46A8-A5F8-597643E78490}.Release|x86.Deploy.0 = Release|iPhone
		{AB788D3A-2CC6-4B43-B448-B466108BACA7}.Debug|Any CPU.ActiveCfg = Debug|Any CPU
		{AB788D3A-2CC6-4B43-B448-B466108BACA7}.Debug|Any CPU.Build.0 = Debug|Any CPU
		{AB788D3A-2CC6-4B43-B448-B466108BACA7}.Debug|Any CPU.Deploy.0 = Debug|Any CPU
		{AB788D3A-2CC6-4B43-B448-B466108BACA7}.Debug|ARM.ActiveCfg = Debug|Any CPU
		{AB788D3A-2CC6-4B43-B448-B466108BACA7}.Debug|ARM.Build.0 = Debug|Any CPU
		{AB788D3A-2CC6-4B43-B448-B466108BACA7}.Debug|ARM.Deploy.0 = Debug|Any CPU
		{AB788D3A-2CC6-4B43-B448-B466108BACA7}.Debug|iPhone.ActiveCfg = Debug|Any CPU
		{AB788D3A-2CC6-4B43-B448-B466108BACA7}.Debug|iPhone.Build.0 = Debug|Any CPU
		{AB788D3A-2CC6-4B43-B448-B466108BACA7}.Debug|iPhone.Deploy.0 = Debug|Any CPU
		{AB788D3A-2CC6-4B43-B448-B466108BACA7}.Debug|iPhoneSimulator.ActiveCfg = Debug|Any CPU
		{AB788D3A-2CC6-4B43-B448-B466108BACA7}.Debug|iPhoneSimulator.Build.0 = Debug|Any CPU
		{AB788D3A-2CC6-4B43-B448-B466108BACA7}.Debug|iPhoneSimulator.Deploy.0 = Debug|Any CPU
		{AB788D3A-2CC6-4B43-B448-B466108BACA7}.Debug|x64.ActiveCfg = Debug|Any CPU
		{AB788D3A-2CC6-4B43-B448-B466108BACA7}.Debug|x64.Build.0 = Debug|Any CPU
		{AB788D3A-2CC6-4B43-B448-B466108BACA7}.Debug|x64.Deploy.0 = Debug|Any CPU
		{AB788D3A-2CC6-4B43-B448-B466108BACA7}.Debug|x86.ActiveCfg = Debug|Any CPU
		{AB788D3A-2CC6-4B43-B448-B466108BACA7}.Debug|x86.Build.0 = Debug|Any CPU
		{AB788D3A-2CC6-4B43-B448-B466108BACA7}.Debug|x86.Deploy.0 = Debug|Any CPU
		{AB788D3A-2CC6-4B43-B448-B466108BACA7}.Release|Any CPU.ActiveCfg = Release|Any CPU
		{AB788D3A-2CC6-4B43-B448-B466108BACA7}.Release|Any CPU.Build.0 = Release|Any CPU
		{AB788D3A-2CC6-4B43-B448-B466108BACA7}.Release|Any CPU.Deploy.0 = Release|Any CPU
		{AB788D3A-2CC6-4B43-B448-B466108BACA7}.Release|ARM.ActiveCfg = Release|Any CPU
		{AB788D3A-2CC6-4B43-B448-B466108BACA7}.Release|ARM.Build.0 = Release|Any CPU
		{AB788D3A-2CC6-4B43-B448-B466108BACA7}.Release|ARM.Deploy.0 = Release|Any CPU
		{AB788D3A-2CC6-4B43-B448-B466108BACA7}.Release|iPhone.ActiveCfg = Release|Any CPU
		{AB788D3A-2CC6-4B43-B448-B466108BACA7}.Release|iPhone.Build.0 = Release|Any CPU
		{AB788D3A-2CC6-4B43-B448-B466108BACA7}.Release|iPhone.Deploy.0 = Release|Any CPU
		{AB788D3A-2CC6-4B43-B448-B466108BACA7}.Release|iPhoneSimulator.ActiveCfg = Release|Any CPU
		{AB788D3A-2CC6-4B43-B448-B466108BACA7}.Release|iPhoneSimulator.Build.0 = Release|Any CPU
		{AB788D3A-2CC6-4B43-B448-B466108BACA7}.Release|iPhoneSimulator.Deploy.0 = Release|Any CPU
		{AB788D3A-2CC6-4B43-B448-B466108BACA7}.Release|x64.ActiveCfg = Release|Any CPU
		{AB788D3A-2CC6-4B43-B448-B466108BACA7}.Release|x64.Build.0 = Release|Any CPU
		{AB788D3A-2CC6-4B43-B448-B466108BACA7}.Release|x64.Deploy.0 = Release|Any CPU
		{AB788D3A-2CC6-4B43-B448-B466108BACA7}.Release|x86.ActiveCfg = Release|Any CPU
		{AB788D3A-2CC6-4B43-B448-B466108BACA7}.Release|x86.Build.0 = Release|Any CPU
		{AB788D3A-2CC6-4B43-B448-B466108BACA7}.Release|x86.Deploy.0 = Release|Any CPU
	EndGlobalSection
	GlobalSection(SolutionProperties) = preSolution
		HideSolutionNode = FALSE
	EndGlobalSection
	GlobalSection(ExtensibilityGlobals) = postSolution
		SolutionGuid = {99E93D52-6594-4B66-8266-BE6DEDA024CD}
	EndGlobalSection
EndGlobal
